// !$*UTF8*$!
{
	archiveVersion = 1;
	classes = {
	};
	objectVersion = 46;
	objects = {

/* Begin PBXBuildFile section */
		4393D59C1E260B2A003EEFA7 /* AppDelegate.swift in Sources */ = {isa = PBXBuildFile; fileRef = 4393D59B1E260B2A003EEFA7 /* AppDelegate.swift */; };
		4393D59E1E260B2A003EEFA7 /* ViewController.swift in Sources */ = {isa = PBXBuildFile; fileRef = 4393D59D1E260B2A003EEFA7 /* ViewController.swift */; };
		4393D5A01E260B2A003EEFA7 /* Assets.xcassets in Resources */ = {isa = PBXBuildFile; fileRef = 4393D59F1E260B2A003EEFA7 /* Assets.xcassets */; };
		4393D5A31E260B2A003EEFA7 /* Main.storyboard in Resources */ = {isa = PBXBuildFile; fileRef = 4393D5A11E260B2A003EEFA7 /* Main.storyboard */; };
/* End PBXBuildFile section */

/* Begin PBXFileReference section */
		4393D5981E260B2A003EEFA7 /* MidiCapture.app */ = {isa = PBXFileReference; explicitFileType = wrapper.application; includeInIndex = 0; path = MidiCapture.app; sourceTree = BUILT_PRODUCTS_DIR; };
		4393D59B1E260B2A003EEFA7 /* AppDelegate.swift */ = {isa = PBXFileReference; lastKnownFileType = sourcecode.swift; path = AppDelegate.swift; sourceTree = "<group>"; };
		4393D59D1E260B2A003EEFA7 /* ViewController.swift */ = {isa = PBXFileReference; lastKnownFileType = sourcecode.swift; path = ViewController.swift; sourceTree = "<group>"; };
		4393D59F1E260B2A003EEFA7 /* Assets.xcassets */ = {isa = PBXFileReference; lastKnownFileType = folder.assetcatalog; path = Assets.xcassets; sourceTree = "<group>"; };
		4393D5A21E260B2A003EEFA7 /* Base */ = {isa = PBXFileReference; lastKnownFileType = file.storyboard; name = Base; path = Base.lproj/Main.storyboard; sourceTree = "<group>"; };
		4393D5A41E260B2A003EEFA7 /* Info.plist */ = {isa = PBXFileReference; lastKnownFileType = text.plist.xml; path = Info.plist; sourceTree = "<group>"; };
/* End PBXFileReference section */

/* Begin PBXFrameworksBuildPhase section */
		4393D5951E260B2A003EEFA7 /* Frameworks */ = {
			isa = PBXFrameworksBuildPhase;
			buildActionMask = 2147483647;
			files = (
			);
			runOnlyForDeploymentPostprocessing = 0;
		};
/* End PBXFrameworksBuildPhase section */

/* Begin PBXGroup section */
		4393D58F1E260B2A003EEFA7 = {
			isa = PBXGroup;
			children = (
				4393D59A1E260B2A003EEFA7 /* MidiCapture */,
				4393D5991E260B2A003EEFA7 /* Products */,
			);
			sourceTree = "<group>";
		};
		4393D5991E260B2A003EEFA7 /* Products */ = {
			isa = PBXGroup;
			children = (
				4393D5981E260B2A003EEFA7 /* MidiCapture.app */,
			);
			name = Products;
			sourceTree = "<group>";
		};
		4393D59A1E260B2A003EEFA7 /* MidiCapture */ = {
			isa = PBXGroup;
			children = (
				4393D59B1E260B2A003EEFA7 /* AppDelegate.swift */,
				4393D59D1E260B2A003EEFA7 /* ViewController.swift */,
				4393D59F1E260B2A003EEFA7 /* Assets.xcassets */,
				4393D5A11E260B2A003EEFA7 /* Main.storyboard */,
				4393D5A41E260B2A003EEFA7 /* Info.plist */,
			);
			path = MidiCapture;
			sourceTree = "<group>";
		};
/* End PBXGroup section */

/* Begin PBXNativeTarget section */
		4393D5971E260B2A003EEFA7 /* MidiCapture */ = {
			isa = PBXNativeTarget;
			buildConfigurationList = 4393D5A71E260B2A003EEFA7 /* Build configuration list for PBXNativeTarget "MidiCapture" */;
			buildPhases = (
				4393D5941E260B2A003EEFA7 /* Sources */,
				4393D5951E260B2A003EEFA7 /* Frameworks */,
				4393D5961E260B2A003EEFA7 /* Resources */,
			);
			buildRules = (
			);
			dependencies = (
			);
			name = MidiCapture;
			productName = MidiCapture;
			productReference = 4393D5981E260B2A003EEFA7 /* MidiCapture.app */;
			productType = "com.apple.product-type.application";
		};
/* End PBXNativeTarget section */

/* Begin PBXProject section */
		4393D5901E260B2A003EEFA7 /* Project object */ = {
			isa = PBXProject;
			attributes = {
				LastSwiftUpdateCheck = 0820;
				LastUpgradeCheck = 0820;
				ORGANIZATIONNAME = "Stephen Rowe";
				TargetAttributes = {
					4393D5971E260B2A003EEFA7 = {
						CreatedOnToolsVersion = 8.2.1;
						DevelopmentTeam = ZVQ5GS956C;
						ProvisioningStyle = Automatic;
					};
				};
			};
			buildConfigurationList = 4393D5931E260B2A003EEFA7 /* Build configuration list for PBXProject "MidiCapture" */;
			compatibilityVersion = "Xcode 3.2";
			developmentRegion = English;
			hasScannedForEncodings = 0;
			knownRegions = (
				en,
				Base,
			);
			mainGroup = 4393D58F1E260B2A003EEFA7;
			productRefGroup = 4393D5991E260B2A003EEFA7 /* Products */;
			projectDirPath = "";
			projectRoot = "";
			targets = (
				4393D5971E260B2A003EEFA7 /* MidiCapture */,
			);
		};
/* End PBXProject section */

/* Begin PBXResourcesBuildPhase section */
		4393D5961E260B2A003EEFA7 /* Resources */ = {
			isa = PBXResourcesBuildPhase;
			buildActionMask = 2147483647;
			files = (
				4393D5A01E260B2A003EEFA7 /* Assets.xcassets in Resources */,
				4393D5A31E260B2A003EEFA7 /* Main.storyboard in Resources */,
			);
			runOnlyForDeploymentPostprocessing = 0;
		};
/* End PBXResourcesBuildPhase section */

/* Begin PBXSourcesBuildPhase section */
		4393D5941E260B2A003EEFA7 /* Sources */ = {
			isa = PBXSourcesBuildPhase;
			buildActionMask = 2147483647;
			files = (
				4393D59E1E260B2A003EEFA7 /* ViewController.swift in Sources */,
				4393D59C1E260B2A003EEFA7 /* AppDelegate.swift in Sources */,
			);
			runOnlyForDeploymentPostprocessing = 0;
		};
/* End PBXSourcesBuildPhase section */

/* Begin PBXVariantGroup section */
		4393D5A11E260B2A003EEFA7 /* Main.storyboard */ = {
			isa = PBXVariantGroup;
			children = (
				4393D5A21E260B2A003EEFA7 /* Base */,
			);
			name = Main.storyboard;
			sourceTree = "<group>";
		};
/* End PBXVariantGroup section */

/* Begin XCBuildConfiguration section */
		4393D5A51E260B2A003EEFA7 /* Debug */ = {
			isa = XCBuildConfiguration;
			buildSettings = {
				ALWAYS_SEARCH_USER_PATHS = NO;
				CLANG_ANALYZER_NONNULL = YES;
				CLANG_CXX_LANGUAGE_STANDARD = "gnu++0x";
				CLANG_CXX_LIBRARY = "libc++";
				CLANG_ENABLE_MODULES = YES;
				CLANG_ENABLE_OBJC_ARC = YES;
				CLANG_WARN_BOOL_CONVERSION = YES;
				CLANG_WARN_CONSTANT_CONVERSION = YES;
				CLANG_WARN_DIRECT_OBJC_ISA_USAGE = YES_ERROR;
				CLANG_WARN_DOCUMENTATION_COMMENTS = YES;
				CLANG_WARN_EMPTY_BODY = YES;
				CLANG_WARN_ENUM_CONVERSION = YES;
				CLANG_WARN_INFINITE_RECURSION = YES;
				CLANG_WARN_INT_CONVERSION = YES;
				CLANG_WARN_OBJC_ROOT_CLASS = YES_ERROR;
				CLANG_WARN_SUSPICIOUS_MOVE = YES;
				CLANG_WARN_UNREACHABLE_CODE = YES;
				CLANG_WARN__DUPLICATE_METHOD_MATCH = YES;
				CODE_SIGN_IDENTITY = "-";
				COPY_PHASE_STRIP = NO;
				DEBUG_INFORMATION_FORMAT = dwarf;
				ENABLE_STRICT_OBJC_MSGSEND = YES;
				ENABLE_TESTABILITY = YES;
				GCC_C_LANGUAGE_STANDARD = gnu99;
				GCC_DYNAMIC_NO_PIC = NO;
				GCC_NO_COMMON_BLOCKS = YES;
				GCC_OPTIMIZATION_LEVEL = 0;
				GCC_PREPROCESSOR_DEFINITIONS = (
					"DEBUG=1",
					"$(inherited)",
				);
				GCC_WARN_64_TO_32_BIT_CONVERSION = YES;
				GCC_WARN_ABOUT_RETURN_TYPE = YES_ERROR;
				GCC_WARN_UNDECLARED_SELECTOR = YES;
				GCC_WARN_UNINITIALIZED_AUTOS = YES_AGGRESSIVE;
				GCC_WARN_UNUSED_FUNCTION = YES;
				GCC_WARN_UNUSED_VARIABLE = YES;
				MACOSX_DEPLOYMENT_TARGET = 10.12;
				MTL_ENABLE_DEBUG_INFO = YES;
				ONLY_ACTIVE_ARCH = YES;
				SDKROOT = macosx;
				SWIFT_ACTIVE_COMPILATION_CONDITIONS = DEBUG;
				SWIFT_OPTIMIZATION_LEVEL = "-Onone";
			};
			name = Debug;
		};
		4393D5A61E260B2A003EEFA7 /* Release */ = {
			isa = XCBuildConfiguration;
			buildSettings = {
				ALWAYS_SEARCH_USER_PATHS = NO;
				CLANG_ANALYZER_NONNULL = YES;
				CLANG_CXX_LANGUAGE_STANDARD = "gnu++0x";
				CLANG_CXX_LIBRARY = "libc++";
				CLANG_ENABLE_MODULES = YES;
				CLANG_ENABLE_OBJC_ARC = YES;
				CLANG_WARN_BOOL_CONVERSION = YES;
				CLANG_WARN_CONSTANT_CONVERSION = YES;
				CLANG_WARN_DIRECT_OBJC_ISA_USAGE = YES_ERROR;
				CLANG_WARN_DOCUMENTATION_COMMENTS = YES;
				CLANG_WARN_EMPTY_BODY = YES;
				CLANG_WARN_ENUM_CONVERSION = YES;
				CLANG_WARN_INFINITE_RECURSION = YES;
				CLANG_WARN_INT_CONVERSION = YES;
				CLANG_WARN_OBJC_ROOT_CLASS = YES_ERROR;
				CLANG_WARN_SUSPICIOUS_MOVE = YES;
				CLANG_WARN_UNREACHABLE_CODE = YES;
				CLANG_WARN__DUPLICATE_METHOD_MATCH = YES;
				CODE_SIGN_IDENTITY = "-";
				COPY_PHASE_STRIP = NO;
				DEBUG_INFORMATION_FORMAT = "dwarf-with-dsym";
				ENABLE_NS_ASSERTIONS = NO;
				ENABLE_STRICT_OBJC_MSGSEND = YES;
				GCC_C_LANGUAGE_STANDARD = gnu99;
				GCC_NO_COMMON_BLOCKS = YES;
				GCC_WARN_64_TO_32_BIT_CONVERSION = YES;
				GCC_WARN_ABOUT_RETURN_TYPE = YES_ERROR;
				GCC_WARN_UNDECLARED_SELECTOR = YES;
				GCC_WARN_UNINITIALIZED_AUTOS = YES_AGGRESSIVE;
				GCC_WARN_UNUSED_FUNCTION = YES;
				GCC_WARN_UNUSED_VARIABLE = YES;
				MACOSX_DEPLOYMENT_TARGET = 10.12;
				MTL_ENABLE_DEBUG_INFO = NO;
				SDKROOT = macosx;
				SWIFT_OPTIMIZATION_LEVEL = "-Owholemodule";
			};
			name = Release;
		};
		4393D5A81E260B2A003EEFA7 /* Debug */ = {
			isa = XCBuildConfiguration;
			buildSettings = {
				ASSETCATALOG_COMPILER_APPICON_NAME = AppIcon;
				CODE_SIGN_IDENTITY = "Mac Developer";
				COMBINE_HIDPI_IMAGES = YES;
				DEVELOPMENT_TEAM = ZVQ5GS956C;
				INFOPLIST_FILE = MidiCapture/Info.plist;
				LD_RUNPATH_SEARCH_PATHS = "$(inherited) @executable_path/../Frameworks";
				PRODUCT_BUNDLE_IDENTIFIER = srowe5409.MidiCapture;
				PRODUCT_NAME = "$(TARGET_NAME)";
				SWIFT_VERSION = 3.0;
			};
			name = Debug;
		};
		4393D5A91E260B2A003EEFA7 /* Release */ = {
			isa = XCBuildConfiguration;
			buildSettings = {
				ASSETCATALOG_COMPILER_APPICON_NAME = AppIcon;
				CODE_SIGN_IDENTITY = "Mac Developer";
				COMBINE_HIDPI_IMAGES = YES;
				DEVELOPMENT_TEAM = ZVQ5GS956C;
				INFOPLIST_FILE = MidiCapture/Info.plist;
				LD_RUNPATH_SEARCH_PATHS = "$(inherited) @executable_path/../Frameworks";
				PRODUCT_BUNDLE_IDENTIFIER = srowe5409.MidiCapture;
				PRODUCT_NAME = "$(TARGET_NAME)";
				SWIFT_VERSION = 3.0;
			};
			name = Release;
		};
/* End XCBuildConfiguration section */

/* Begin XCConfigurationList section */
		4393D5931E260B2A003EEFA7 /* Build configuration list for PBXProject "MidiCapture" */ = {
			isa = XCConfigurationList;
			buildConfigurations = (
				4393D5A51E260B2A003EEFA7 /* Debug */,
				4393D5A61E260B2A003EEFA7 /* Release */,
			);
			defaultConfigurationIsVisible = 0;
			defaultConfigurationName = Debug;
		};
		4393D5A71E260B2A003EEFA7 /* Build configuration list for PBXNativeTarget "MidiCapture" */ = {
			isa = XCConfigurationList;
			buildConfigurations = (
				4393D5A81E260B2A003EEFA7 /* Debug */,
				4393D5A91E260B2A003EEFA7 /* Release */,
			);
			defaultConfigurationIsVisible = 0;
			defaultConfigurationName = Debug;
		};
/* End XCConfigurationList section */
	};
	rootObject = 4393D5901E260B2A003EEFA7 /* Project object */;
}
